// !$*UTF8*$!
{
	archiveVersion = 1;
	classes = {
	};
	objectVersion = 46;
	objects = {

/* Begin PBXBuildFile section */
		1087C0A550A24B4689E8C767 /* libPods.a in Frameworks */ = {isa = PBXBuildFile; fileRef = EACC528464A3486890CABA51 /* libPods.a */; };
		132D7C6015CC3EA600C8006F /* OproAPIClient.m in Sources */ = {isa = PBXBuildFile; fileRef = 132D7C5F15CC3EA600C8006F /* OproAPIClient.m */; };
		13723F6715CA4B2500D68D78 /* UIKit.framework in Frameworks */ = {isa = PBXBuildFile; fileRef = 13723F6615CA4B2500D68D78 /* UIKit.framework */; };
		13723F6915CA4B2500D68D78 /* Foundation.framework in Frameworks */ = {isa = PBXBuildFile; fileRef = 13723F6815CA4B2500D68D78 /* Foundation.framework */; };
		13723F6B15CA4B2500D68D78 /* CoreGraphics.framework in Frameworks */ = {isa = PBXBuildFile; fileRef = 13723F6A15CA4B2500D68D78 /* CoreGraphics.framework */; };
		13723F7115CA4B2500D68D78 /* InfoPlist.strings in Resources */ = {isa = PBXBuildFile; fileRef = 13723F6F15CA4B2500D68D78 /* InfoPlist.strings */; };
		13723F7315CA4B2500D68D78 /* main.m in Sources */ = {isa = PBXBuildFile; fileRef = 13723F7215CA4B2500D68D78 /* main.m */; };
		13723F7715CA4B2500D68D78 /* OproDemoDelegate.m in Sources */ = {isa = PBXBuildFile; fileRef = 13723F7615CA4B2500D68D78 /* OproDemoDelegate.m */; };
		13723F7A15CA4B2600D68D78 /* OproDemoViewController.m in Sources */ = {isa = PBXBuildFile; fileRef = 13723F7915CA4B2600D68D78 /* OproDemoViewController.m */; };
		1392F0B915DAF6190071F10A /* Icon@2x.png in Resources */ = {isa = PBXBuildFile; fileRef = 1392F0B815DAF6190071F10A /* Icon@2x.png */; };
		13A177B715D344B400171222 /* EditUserViewController.m in Sources */ = {isa = PBXBuildFile; fileRef = 13A177B615D344B400171222 /* EditUserViewController.m */; };
		22167ED2182EB48C00848346 /* Main.storyboard in Resources */ = {isa = PBXBuildFile; fileRef = 22167ED1182EB48C00848346 /* Main.storyboard */; };
		22B17602182FBD1C001A1DBE /* Default-568h@2x.png in Resources */ = {isa = PBXBuildFile; fileRef = 22B17601182FBD1C001A1DBE /* Default-568h@2x.png */; };
/* End PBXBuildFile section */

/* Begin PBXFileReference section */
		132D7C5E15CC3EA600C8006F /* OproAPIClient.h */ = {isa = PBXFileReference; fileEncoding = 4; lastKnownFileType = sourcecode.c.h; name = OproAPIClient.h; path = ../OproAPIClient.h; sourceTree = "<group>"; };
		132D7C5F15CC3EA600C8006F /* OproAPIClient.m */ = {isa = PBXFileReference; fileEncoding = 4; lastKnownFileType = sourcecode.c.objc; name = OproAPIClient.m; path = ../OproAPIClient.m; sourceTree = "<group>"; };
		13723F6215CA4B2500D68D78 /* oPRO-Demo.app */ = {isa = PBXFileReference; explicitFileType = wrapper.application; includeInIndex = 0; path = "oPRO-Demo.app"; sourceTree = BUILT_PRODUCTS_DIR; };
		13723F6615CA4B2500D68D78 /* UIKit.framework */ = {isa = PBXFileReference; includeInIndex = 1; lastKnownFileType = wrapper.framework; name = UIKit.framework; path = System/Library/Frameworks/UIKit.framework; sourceTree = SDKROOT; };
		13723F6815CA4B2500D68D78 /* Foundation.framework */ = {isa = PBXFileReference; includeInIndex = 1; lastKnownFileType = wrapper.framework; name = Foundation.framework; path = System/Library/Frameworks/Foundation.framework; sourceTree = SDKROOT; };
		13723F6A15CA4B2500D68D78 /* CoreGraphics.framework */ = {isa = PBXFileReference; includeInIndex = 1; lastKnownFileType = wrapper.framework; name = CoreGraphics.framework; path = System/Library/Frameworks/CoreGraphics.framework; sourceTree = SDKROOT; };
		13723F6E15CA4B2500D68D78 /* oPRO-Demo-Info.plist */ = {isa = PBXFileReference; lastKnownFileType = text.plist.xml; path = "oPRO-Demo-Info.plist"; sourceTree = "<group>"; };
		13723F7015CA4B2500D68D78 /* en */ = {isa = PBXFileReference; lastKnownFileType = text.plist.strings; name = en; path = en.lproj/InfoPlist.strings; sourceTree = "<group>"; };
		13723F7215CA4B2500D68D78 /* main.m */ = {isa = PBXFileReference; lastKnownFileType = sourcecode.c.objc; path = main.m; sourceTree = "<group>"; };
		13723F7415CA4B2500D68D78 /* oPRO-Demo-Prefix.pch */ = {isa = PBXFileReference; lastKnownFileType = sourcecode.c.h; path = "oPRO-Demo-Prefix.pch"; sourceTree = "<group>"; };
		13723F7515CA4B2500D68D78 /* OproDemoDelegate.h */ = {isa = PBXFileReference; lastKnownFileType = sourcecode.c.h; path = OproDemoDelegate.h; sourceTree = "<group>"; };
		13723F7615CA4B2500D68D78 /* OproDemoDelegate.m */ = {isa = PBXFileReference; lastKnownFileType = sourcecode.c.objc; path = OproDemoDelegate.m; sourceTree = "<group>"; };
		13723F7815CA4B2500D68D78 /* OproDemoViewController.h */ = {isa = PBXFileReference; lastKnownFileType = sourcecode.c.h; path = OproDemoViewController.h; sourceTree = "<group>"; };
		13723F7915CA4B2600D68D78 /* OproDemoViewController.m */ = {isa = PBXFileReference; lastKnownFileType = sourcecode.c.objc; path = OproDemoViewController.m; sourceTree = "<group>"; };
		1392F0B615DAF5CA0071F10A /* Icon@2x.png */ = {isa = PBXFileReference; lastKnownFileType = image.png; path = "Icon@2x.png"; sourceTree = "<group>"; };
		1392F0B815DAF6190071F10A /* Icon@2x.png */ = {isa = PBXFileReference; lastKnownFileType = image.png; path = "Icon@2x.png"; sourceTree = "<group>"; };
		13A177B515D344B400171222 /* EditUserViewController.h */ = {isa = PBXFileReference; fileEncoding = 4; lastKnownFileType = sourcecode.c.h; path = EditUserViewController.h; sourceTree = "<group>"; };
		13A177B615D344B400171222 /* EditUserViewController.m */ = {isa = PBXFileReference; fileEncoding = 4; lastKnownFileType = sourcecode.c.objc; path = EditUserViewController.m; sourceTree = "<group>"; };
		22167ED1182EB48C00848346 /* Main.storyboard */ = {isa = PBXFileReference; fileEncoding = 4; lastKnownFileType = file.storyboard; path = Main.storyboard; sourceTree = "<group>"; };
		22B17601182FBD1C001A1DBE /* Default-568h@2x.png */ = {isa = PBXFileReference; lastKnownFileType = image.png; path = "Default-568h@2x.png"; sourceTree = "<group>"; };
		E5EFE48E089E4B77A48EA220 /* Pods.xcconfig */ = {isa = PBXFileReference; includeInIndex = 1; lastKnownFileType = text.xcconfig; name = Pods.xcconfig; path = Pods/Pods.xcconfig; sourceTree = SOURCE_ROOT; };
		EACC528464A3486890CABA51 /* libPods.a */ = {isa = PBXFileReference; explicitFileType = archive.ar; includeInIndex = 0; path = libPods.a; sourceTree = BUILT_PRODUCTS_DIR; };
/* End PBXFileReference section */

/* Begin PBXFrameworksBuildPhase section */
		13723F5F15CA4B2500D68D78 /* Frameworks */ = {
			isa = PBXFrameworksBuildPhase;
			buildActionMask = 2147483647;
			files = (
				13723F6715CA4B2500D68D78 /* UIKit.framework in Frameworks */,
				13723F6915CA4B2500D68D78 /* Foundation.framework in Frameworks */,
				13723F6B15CA4B2500D68D78 /* CoreGraphics.framework in Frameworks */,
				1087C0A550A24B4689E8C767 /* libPods.a in Frameworks */,
			);
			runOnlyForDeploymentPostprocessing = 0;
		};
/* End PBXFrameworksBuildPhase section */

/* Begin PBXGroup section */
		13723F5715CA4B2500D68D78 = {
			isa = PBXGroup;
			children = (
				22B17601182FBD1C001A1DBE /* Default-568h@2x.png */,
				1392F0B815DAF6190071F10A /* Icon@2x.png */,
				13723F6C15CA4B2500D68D78 /* oPRO-Demo */,
				13723F6515CA4B2500D68D78 /* Frameworks */,
				13723F6315CA4B2500D68D78 /* Products */,
				E5EFE48E089E4B77A48EA220 /* Pods.xcconfig */,
			);
			sourceTree = "<group>";
		};
		13723F6315CA4B2500D68D78 /* Products */ = {
			isa = PBXGroup;
			children = (
				13723F6215CA4B2500D68D78 /* oPRO-Demo.app */,
			);
			name = Products;
			sourceTree = "<group>";
		};
		13723F6515CA4B2500D68D78 /* Frameworks */ = {
			isa = PBXGroup;
			children = (
				13723F6615CA4B2500D68D78 /* UIKit.framework */,
				13723F6815CA4B2500D68D78 /* Foundation.framework */,
				13723F6A15CA4B2500D68D78 /* CoreGraphics.framework */,
				EACC528464A3486890CABA51 /* libPods.a */,
			);
			name = Frameworks;
			sourceTree = "<group>";
		};
		13723F6C15CA4B2500D68D78 /* oPRO-Demo */ = {
			isa = PBXGroup;
			children = (
				22167ED0182EB47800848346 /* Views */,
				13A177B815D3450F00171222 /* Controllers */,
				132D7C5E15CC3EA600C8006F /* OproAPIClient.h */,
				132D7C5F15CC3EA600C8006F /* OproAPIClient.m */,
				13723F7515CA4B2500D68D78 /* OproDemoDelegate.h */,
				13723F7615CA4B2500D68D78 /* OproDemoDelegate.m */,
				13723F6D15CA4B2500D68D78 /* Supporting Files */,
			);
			path = "oPRO-Demo";
			sourceTree = "<group>";
		};
		13723F6D15CA4B2500D68D78 /* Supporting Files */ = {
			isa = PBXGroup;
			children = (
				1392F0B615DAF5CA0071F10A /* Icon@2x.png */,
				13723F6E15CA4B2500D68D78 /* oPRO-Demo-Info.plist */,
				13723F6F15CA4B2500D68D78 /* InfoPlist.strings */,
				13723F7215CA4B2500D68D78 /* main.m */,
				13723F7415CA4B2500D68D78 /* oPRO-Demo-Prefix.pch */,
			);
			name = "Supporting Files";
			sourceTree = "<group>";
		};
		13A177B815D3450F00171222 /* Controllers */ = {
			isa = PBXGroup;
			children = (
				13A177B515D344B400171222 /* EditUserViewController.h */,
				13A177B615D344B400171222 /* EditUserViewController.m */,
				13723F7815CA4B2500D68D78 /* OproDemoViewController.h */,
				13723F7915CA4B2600D68D78 /* OproDemoViewController.m */,
			);
			name = Controllers;
			sourceTree = "<group>";
		};
		22167ED0182EB47800848346 /* Views */ = {
			isa = PBXGroup;
			children = (
				22167ED1182EB48C00848346 /* Main.storyboard */,
			);
			name = Views;
			sourceTree = "<group>";
		};
/* End PBXGroup section */

/* Begin PBXNativeTarget section */
		13723F6115CA4B2500D68D78 /* oPRO-Demo */ = {
			isa = PBXNativeTarget;
			buildConfigurationList = 13723F8015CA4B2600D68D78 /* Build configuration list for PBXNativeTarget "oPRO-Demo" */;
			buildPhases = (
				13723F5E15CA4B2500D68D78 /* Sources */,
				13723F5F15CA4B2500D68D78 /* Frameworks */,
				13723F6015CA4B2500D68D78 /* Resources */,
				98111450558E40E986226090 /* Copy Pods Resources */,
			);
			buildRules = (
			);
			dependencies = (
			);
			name = "oPRO-Demo";
			productName = "oPRO-Demo";
			productReference = 13723F6215CA4B2500D68D78 /* oPRO-Demo.app */;
			productType = "com.apple.product-type.application";
		};
/* End PBXNativeTarget section */

/* Begin PBXProject section */
		13723F5915CA4B2500D68D78 /* Project object */ = {
			isa = PBXProject;
			attributes = {
				CLASSPREFIX = Schneems;
				LastUpgradeCheck = 0500;
			};
			buildConfigurationList = 13723F5C15CA4B2500D68D78 /* Build configuration list for PBXProject "oPRO-Demo" */;
			compatibilityVersion = "Xcode 3.2";
			developmentRegion = English;
			hasScannedForEncodings = 0;
			knownRegions = (
				en,
			);
			mainGroup = 13723F5715CA4B2500D68D78;
			productRefGroup = 13723F6315CA4B2500D68D78 /* Products */;
			projectDirPath = "";
			projectRoot = "";
			targets = (
				13723F6115CA4B2500D68D78 /* oPRO-Demo */,
			);
		};
/* End PBXProject section */

/* Begin PBXResourcesBuildPhase section */
		13723F6015CA4B2500D68D78 /* Resources */ = {
			isa = PBXResourcesBuildPhase;
			buildActionMask = 2147483647;
			files = (
				13723F7115CA4B2500D68D78 /* InfoPlist.strings in Resources */,
				22167ED2182EB48C00848346 /* Main.storyboard in Resources */,
				22B17602182FBD1C001A1DBE /* Default-568h@2x.png in Resources */,
				1392F0B915DAF6190071F10A /* Icon@2x.png in Resources */,
			);
			runOnlyForDeploymentPostprocessing = 0;
		};
/* End PBXResourcesBuildPhase section */

/* Begin PBXShellScriptBuildPhase section */
		98111450558E40E986226090 /* Copy Pods Resources */ = {
			isa = PBXShellScriptBuildPhase;
			buildActionMask = 2147483647;
			files = (
			);
			inputPaths = (
			);
			name = "Copy Pods Resources";
			outputPaths = (
			);
			runOnlyForDeploymentPostprocessing = 0;
			shellPath = /bin/sh;
			shellScript = "\"${SRCROOT}/Pods/Pods-resources.sh\"\n";
		};
/* End PBXShellScriptBuildPhase section */

/* Begin PBXSourcesBuildPhase section */
		13723F5E15CA4B2500D68D78 /* Sources */ = {
			isa = PBXSourcesBuildPhase;
			buildActionMask = 2147483647;
			files = (
				13723F7315CA4B2500D68D78 /* main.m in Sources */,
				13723F7715CA4B2500D68D78 /* OproDemoDelegate.m in Sources */,
				13723F7A15CA4B2600D68D78 /* OproDemoViewController.m in Sources */,
				132D7C6015CC3EA600C8006F /* OproAPIClient.m in Sources */,
				13A177B715D344B400171222 /* EditUserViewController.m in Sources */,
			);
			runOnlyForDeploymentPostprocessing = 0;
		};
/* End PBXSourcesBuildPhase section */

/* Begin PBXVariantGroup section */
		13723F6F15CA4B2500D68D78 /* InfoPlist.strings */ = {
			isa = PBXVariantGroup;
			children = (
				13723F7015CA4B2500D68D78 /* en */,
			);
			name = InfoPlist.strings;
			sourceTree = "<group>";
		};
/* End PBXVariantGroup section */

/* Begin XCBuildConfiguration section */
		13723F7E15CA4B2600D68D78 /* Debug */ = {
			isa = XCBuildConfiguration;
			buildSettings = {
				ALWAYS_SEARCH_USER_PATHS = NO;
				CLANG_ENABLE_OBJC_ARC = YES;
				CLANG_WARN_BOOL_CONVERSION = YES;
				CLANG_WARN_CONSTANT_CONVERSION = YES;
				CLANG_WARN_EMPTY_BODY = YES;
				CLANG_WARN_ENUM_CONVERSION = YES;
				CLANG_WARN_INT_CONVERSION = YES;
				CLANG_WARN__DUPLICATE_METHOD_MATCH = YES;
				"CODE_SIGN_IDENTITY[sdk=iphoneos*]" = "iPhone Developer";
				COPY_PHASE_STRIP = NO;
				GCC_C_LANGUAGE_STANDARD = gnu99;
				GCC_DYNAMIC_NO_PIC = NO;
				GCC_OPTIMIZATION_LEVEL = 0;
				GCC_PREPROCESSOR_DEFINITIONS = (
					"DEBUG=1",
					"$(inherited)",
				);
				GCC_SYMBOLS_PRIVATE_EXTERN = NO;
				GCC_VERSION = com.apple.compilers.llvm.clang.1_0;
				GCC_WARN_64_TO_32_BIT_CONVERSION = YES;
				GCC_WARN_ABOUT_RETURN_TYPE = YES;
				GCC_WARN_UNDECLARED_SELECTOR = YES;
				GCC_WARN_UNINITIALIZED_AUTOS = YES;
				GCC_WARN_UNUSED_FUNCTION = YES;
				GCC_WARN_UNUSED_VARIABLE = YES;
				IPHONEOS_DEPLOYMENT_TARGET = 7.0;
				ONLY_ACTIVE_ARCH = YES;
				SDKROOT = iphoneos;
			};
			name = Debug;
		};
		13723F7F15CA4B2600D68D78 /* Release */ = {
			isa = XCBuildConfiguration;
			buildSettings = {
				ALWAYS_SEARCH_USER_PATHS = NO;
				CLANG_ENABLE_OBJC_ARC = YES;
				CLANG_WARN_BOOL_CONVERSION = YES;
				CLANG_WARN_CONSTANT_CONVERSION = YES;
				CLANG_WARN_EMPTY_BODY = YES;
				CLANG_WARN_ENUM_CONVERSION = YES;
				CLANG_WARN_INT_CONVERSION = YES;
				CLANG_WARN__DUPLICATE_METHOD_MATCH = YES;
				"CODE_SIGN_IDENTITY[sdk=iphoneos*]" = "iPhone Developer";
				COPY_PHASE_STRIP = YES;
				GCC_C_LANGUAGE_STANDARD = gnu99;
				GCC_VERSION = com.apple.compilers.llvm.clang.1_0;
				GCC_WARN_64_TO_32_BIT_CONVERSION = YES;
				GCC_WARN_ABOUT_RETURN_TYPE = YES;
				GCC_WARN_UNDECLARED_SELECTOR = YES;
				GCC_WARN_UNINITIALIZED_AUTOS = YES;
				GCC_WARN_UNUSED_FUNCTION = YES;
				GCC_WARN_UNUSED_VARIABLE = YES;
				IPHONEOS_DEPLOYMENT_TARGET = 7.0;
				OTHER_CFLAGS = "-DNS_BLOCK_ASSERTIONS=1";
				SDKROOT = iphoneos;
				VALIDATE_PRODUCT = YES;
			};
			name = Release;
		};
		13723F8115CA4B2600D68D78 /* Debug */ = {
			isa = XCBuildConfiguration;
			baseConfigurationReference = E5EFE48E089E4B77A48EA220 /* Pods.xcconfig */;
			buildSettings = {
				GCC_PRECOMPILE_PREFIX_HEADER = YES;
				GCC_PREFIX_HEADER = "oPRO-Demo/oPRO-Demo-Prefix.pch";
				INFOPLIST_FILE = "oPRO-Demo/oPRO-Demo-Info.plist";
				IPHONEOS_DEPLOYMENT_TARGET = 7.0;
				PRODUCT_NAME = "$(TARGET_NAME)";
				WRAPPER_EXTENSION = app;
			};
			name = Debug;
		};
		13723F8215CA4B2600D68D78 /* Release */ = {
			isa = XCBuildConfiguration;
			baseConfigurationReference = E5EFE48E089E4B77A48EA220 /* Pods.xcconfig */;
			buildSettings = {
				GCC_PRECOMPILE_PREFIX_HEADER = YES;
				GCC_PREFIX_HEADER = "oPRO-Demo/oPRO-Demo-Prefix.pch";
				INFOPLIST_FILE = "oPRO-Demo/oPRO-Demo-Info.plist";
				IPHONEOS_DEPLOYMENT_TARGET = 7.0;
				PRODUCT_NAME = "$(TARGET_NAME)";
				WRAPPER_EXTENSION = app;
			};
			name = Release;
		};
/* End XCBuildConfiguration section */

/* Begin XCConfigurationList section */
		13723F5C15CA4B2500D68D78 /* Build configuration list for PBXProject "oPRO-Demo" */ = {
			isa = XCConfigurationList;
			buildConfigurations = (
				13723F7E15CA4B2600D68D78 /* Debug */,
				13723F7F15CA4B2600D68D78 /* Release */,
			);
			defaultConfigurationIsVisible = 0;
			defaultConfigurationName = Release;
		};
		13723F8015CA4B2600D68D78 /* Build configuration list for PBXNativeTarget "oPRO-Demo" */ = {
			isa = XCConfigurationList;
			buildConfigurations = (
				13723F8115CA4B2600D68D78 /* Debug */,
				13723F8215CA4B2600D68D78 /* Release */,
			);
			defaultConfigurationIsVisible = 0;
			defaultConfigurationName = Release;
		};
/* End XCConfigurationList section */
	};
	rootObject = 13723F5915CA4B2500D68D78 /* Project object */;
}
